
Microsoft Visual Studio Solution File, Format Version 12.00
# Visual Studio Version 17
VisualStudioVersion = 17.6.33815.320
MinimumVisualStudioVersion = 10.0.40219.1
Project("{2150E333-8FDC-42A3-9474-1A3956D46DE8}") = "Resources", "Resources", "{5BE3DF7D-6E21-4A78-A70A-8B7689896EAA}"
EndProject
Project("{9A19103F-16F7-4668-BE54-9A1E7A4F7556}") = "ViSyncMaster", "ViSyncMaster\ViSyncMaster.csproj", "{9CE3F9CB-36E9-4E13-8795-C614EFCA633F}"
EndProject
Project("{FAE04EC0-301F-11D3-BF4B-00C04F79EFBC}") = "ViSyncMaster.nUnitTests", "ViSyncMaster.nUnitTests\ViSyncMaster.nUnitTests.csproj", "{0A144495-5D4E-436C-975C-C5FF852FA1F3}"
EndProject
Global
	GlobalSection(SolutionConfigurationPlatforms) = preSolution
		Debug|Any CPU = Debug|Any CPU
		Release|Any CPU = Release|Any CPU
	EndGlobalSection
	GlobalSection(ProjectConfigurationPlatforms) = postSolution
		{9CE3F9CB-36E9-4E13-8795-C614EFCA633F}.Debug|Any CPU.ActiveCfg = Debug|Any CPU
		{9CE3F9CB-36E9-4E13-8795-C614EFCA633F}.Debug|Any CPU.Build.0 = Debug|Any CPU
		{9CE3F9CB-36E9-4E13-8795-C614EFCA633F}.Release|Any CPU.ActiveCfg = Release|Any CPU
		{9CE3F9CB-36E9-4E13-8795-C614EFCA633F}.Release|Any CPU.Build.0 = Release|Any CPU
		{0A144495-5D4E-436C-975C-C5FF852FA1F3}.Debug|Any CPU.ActiveCfg = Debug|Any CPU
		{0A144495-5D4E-436C-975C-C5FF852FA1F3}.Debug|Any CPU.Build.0 = Debug|Any CPU
		{0A144495-5D4E-436C-975C-C5FF852FA1F3}.Release|Any CPU.ActiveCfg = Release|Any CPU
		{0A144495-5D4E-436C-975C-C5FF852FA1F3}.Release|Any CPU.Build.0 = Release|Any CPU
	EndGlobalSection
	GlobalSection(SolutionProperties) = preSolution
		HideSolutionNode = FALSE
	EndGlobalSection
	GlobalSection(ExtensibilityGlobals) = postSolution
		SolutionGuid = {5F0A4F1A-3F64-4D3B-9C9A-035C2C4863C3}
	EndGlobalSection
EndGlobal
